
Microsoft Visual Studio Solution File, Format Version 12.00
# Visual Studio 15
VisualStudioVersion = 15.0.27130.2026
MinimumVisualStudioVersion = 10.0.40219.1
Project("{9A19103F-16F7-4668-BE54-9A1E7A4F7556}") = "Trady.Analysis", "Trady.Analysis\Trady.Analysis.csproj", "{164C4731-C6A3-41A6-8C32-88F55DB4D5C2}"
EndProject
Project("{9A19103F-16F7-4668-BE54-9A1E7A4F7556}") = "Trady.Core", "Trady.Core\Trady.Core.csproj", "{4C37B65D-3423-4679-836E-98DB29B0FE07}"
EndProject
Project("{2150E333-8FDC-42A3-9474-1A3956D46DE8}") = "lib", "lib", "{6FB190D6-4EC1-45DA-BC1F-2DF8E9FA10B6}"
EndProject
Project("{9A19103F-16F7-4668-BE54-9A1E7A4F7556}") = "Trady.Importer.Csv", "Trady.Importer.Csv\Trady.Importer.Csv.csproj", "{68256547-A3CC-43B8-BE34-C8FACCEE20F3}"
EndProject
Project("{2150E333-8FDC-42A3-9474-1A3956D46DE8}") = "importer", "importer", "{7F7816A9-8E22-4799-9A61-8E83CE49C3D4}"
EndProject
Project("{2150E333-8FDC-42A3-9474-1A3956D46DE8}") = "test", "test", "{21745804-92A6-45D7-96EC-F10AAC742B58}"
EndProject
Project("{FAE04EC0-301F-11D3-BF4B-00C04F79EFBC}") = "TickDataImporter", "MetaQuotes\TickDataImporter\TickDataImporter.csproj", "{AB8FC00F-7BA0-4F61-9072-FDD4B1CB6092}"
EndProject
Project("{FAE04EC0-301F-11D3-BF4B-00C04F79EFBC}") = "MT4PlatformTest", "MetaQuotes\MT4PlatformTest\MT4PlatformTest.csproj", "{D5C3735B-DB63-4DD0-8AF2-9B3D5C9605F4}"
EndProject
Project("{FAE04EC0-301F-11D3-BF4B-00C04F79EFBC}") = "MT4ZmqSingal", "MetaQuotes\MT4Zmq\MT4ZmqSingal.csproj", "{BD97D6CB-5133-41F8-B303-4DFF180D566F}"
EndProject
Global
	GlobalSection(SolutionConfigurationPlatforms) = preSolution
		Debug|Any CPU = Debug|Any CPU
		Debug|x64 = Debug|x64
		Debug|x86 = Debug|x86
		Lib_Debug|Any CPU = Lib_Debug|Any CPU
		Lib_Debug|x64 = Lib_Debug|x64
		Lib_Debug|x86 = Lib_Debug|x86
		Release|Any CPU = Release|Any CPU
		Release|x64 = Release|x64
		Release|x86 = Release|x86
	EndGlobalSection
	GlobalSection(ProjectConfigurationPlatforms) = postSolution
		{164C4731-C6A3-41A6-8C32-88F55DB4D5C2}.Debug|Any CPU.ActiveCfg = Debug|Any CPU
		{164C4731-C6A3-41A6-8C32-88F55DB4D5C2}.Debug|Any CPU.Build.0 = Debug|Any CPU
		{164C4731-C6A3-41A6-8C32-88F55DB4D5C2}.Debug|x64.ActiveCfg = Debug|Any CPU
		{164C4731-C6A3-41A6-8C32-88F55DB4D5C2}.Debug|x64.Build.0 = Debug|Any CPU
		{164C4731-C6A3-41A6-8C32-88F55DB4D5C2}.Debug|x86.ActiveCfg = Debug|Any CPU
		{164C4731-C6A3-41A6-8C32-88F55DB4D5C2}.Debug|x86.Build.0 = Debug|Any CPU
		{164C4731-C6A3-41A6-8C32-88F55DB4D5C2}.Lib_Debug|Any CPU.ActiveCfg = Debug|Any CPU
		{164C4731-C6A3-41A6-8C32-88F55DB4D5C2}.Lib_Debug|Any CPU.Build.0 = Debug|Any CPU
		{164C4731-C6A3-41A6-8C32-88F55DB4D5C2}.Lib_Debug|x64.ActiveCfg = Debug|Any CPU
		{164C4731-C6A3-41A6-8C32-88F55DB4D5C2}.Lib_Debug|x64.Build.0 = Debug|Any CPU
		{164C4731-C6A3-41A6-8C32-88F55DB4D5C2}.Lib_Debug|x86.ActiveCfg = Debug|Any CPU
		{164C4731-C6A3-41A6-8C32-88F55DB4D5C2}.Lib_Debug|x86.Build.0 = Debug|Any CPU
		{164C4731-C6A3-41A6-8C32-88F55DB4D5C2}.Release|Any CPU.ActiveCfg = Release|Any CPU
		{164C4731-C6A3-41A6-8C32-88F55DB4D5C2}.Release|Any CPU.Build.0 = Release|Any CPU
		{164C4731-C6A3-41A6-8C32-88F55DB4D5C2}.Release|x64.ActiveCfg = Release|Any CPU
		{164C4731-C6A3-41A6-8C32-88F55DB4D5C2}.Release|x64.Build.0 = Release|Any CPU
		{164C4731-C6A3-41A6-8C32-88F55DB4D5C2}.Release|x86.ActiveCfg = Release|Any CPU
		{164C4731-C6A3-41A6-8C32-88F55DB4D5C2}.Release|x86.Build.0 = Release|Any CPU
		{4C37B65D-3423-4679-836E-98DB29B0FE07}.Debug|Any CPU.ActiveCfg = Debug|Any CPU
		{4C37B65D-3423-4679-836E-98DB29B0FE07}.Debug|Any CPU.Build.0 = Debug|Any CPU
		{4C37B65D-3423-4679-836E-98DB29B0FE07}.Debug|x64.ActiveCfg = Debug|Any CPU
		{4C37B65D-3423-4679-836E-98DB29B0FE07}.Debug|x64.Build.0 = Debug|Any CPU
		{4C37B65D-3423-4679-836E-98DB29B0FE07}.Debug|x86.ActiveCfg = Debug|Any CPU
		{4C37B65D-3423-4679-836E-98DB29B0FE07}.Debug|x86.Build.0 = Debug|Any CPU
		{4C37B65D-3423-4679-836E-98DB29B0FE07}.Lib_Debug|Any CPU.ActiveCfg = Debug|Any CPU
		{4C37B65D-3423-4679-836E-98DB29B0FE07}.Lib_Debug|Any CPU.Build.0 = Debug|Any CPU
		{4C37B65D-3423-4679-836E-98DB29B0FE07}.Lib_Debug|x64.ActiveCfg = Debug|Any CPU
		{4C37B65D-3423-4679-836E-98DB29B0FE07}.Lib_Debug|x64.Build.0 = Debug|Any CPU
		{4C37B65D-3423-4679-836E-98DB29B0FE07}.Lib_Debug|x86.ActiveCfg = Debug|Any CPU
		{4C37B65D-3423-4679-836E-98DB29B0FE07}.Lib_Debug|x86.Build.0 = Debug|Any CPU
		{4C37B65D-3423-4679-836E-98DB29B0FE07}.Release|Any CPU.ActiveCfg = Release|Any CPU
		{4C37B65D-3423-4679-836E-98DB29B0FE07}.Release|Any CPU.Build.0 = Release|Any CPU
		{4C37B65D-3423-4679-836E-98DB29B0FE07}.Release|x64.ActiveCfg = Release|Any CPU
		{4C37B65D-3423-4679-836E-98DB29B0FE07}.Release|x64.Build.0 = Release|Any CPU
		{4C37B65D-3423-4679-836E-98DB29B0FE07}.Release|x86.ActiveCfg = Release|Any CPU
		{4C37B65D-3423-4679-836E-98DB29B0FE07}.Release|x86.Build.0 = Release|Any CPU
		{68256547-A3CC-43B8-BE34-C8FACCEE20F3}.Debug|Any CPU.ActiveCfg = Debug|Any CPU
		{68256547-A3CC-43B8-BE34-C8FACCEE20F3}.Debug|Any CPU.Build.0 = Debug|Any CPU
		{68256547-A3CC-43B8-BE34-C8FACCEE20F3}.Debug|x64.ActiveCfg = Debug|Any CPU
		{68256547-A3CC-43B8-BE34-C8FACCEE20F3}.Debug|x64.Build.0 = Debug|Any CPU
		{68256547-A3CC-43B8-BE34-C8FACCEE20F3}.Debug|x86.ActiveCfg = Debug|Any CPU
		{68256547-A3CC-43B8-BE34-C8FACCEE20F3}.Debug|x86.Build.0 = Debug|Any CPU
		{68256547-A3CC-43B8-BE34-C8FACCEE20F3}.Lib_Debug|Any CPU.ActiveCfg = Debug|Any CPU
		{68256547-A3CC-43B8-BE34-C8FACCEE20F3}.Lib_Debug|Any CPU.Build.0 = Debug|Any CPU
		{68256547-A3CC-43B8-BE34-C8FACCEE20F3}.Lib_Debug|x64.ActiveCfg = Debug|Any CPU
		{68256547-A3CC-43B8-BE34-C8FACCEE20F3}.Lib_Debug|x64.Build.0 = Debug|Any CPU
		{68256547-A3CC-43B8-BE34-C8FACCEE20F3}.Lib_Debug|x86.ActiveCfg = Debug|Any CPU
		{68256547-A3CC-43B8-BE34-C8FACCEE20F3}.Lib_Debug|x86.Build.0 = Debug|Any CPU
		{68256547-A3CC-43B8-BE34-C8FACCEE20F3}.Release|Any CPU.ActiveCfg = Release|Any CPU
		{68256547-A3CC-43B8-BE34-C8FACCEE20F3}.Release|Any CPU.Build.0 = Release|Any CPU
		{68256547-A3CC-43B8-BE34-C8FACCEE20F3}.Release|x64.ActiveCfg = Release|Any CPU
		{68256547-A3CC-43B8-BE34-C8FACCEE20F3}.Release|x64.Build.0 = Release|Any CPU
		{68256547-A3CC-43B8-BE34-C8FACCEE20F3}.Release|x86.ActiveCfg = Release|Any CPU
		{68256547-A3CC-43B8-BE34-C8FACCEE20F3}.Release|x86.Build.0 = Release|Any CPU
		{AB8FC00F-7BA0-4F61-9072-FDD4B1CB6092}.Debug|Any CPU.ActiveCfg = Debug|Any CPU
		{AB8FC00F-7BA0-4F61-9072-FDD4B1CB6092}.Debug|Any CPU.Build.0 = Debug|Any CPU
		{AB8FC00F-7BA0-4F61-9072-FDD4B1CB6092}.Debug|x64.ActiveCfg = Debug|Any CPU
		{AB8FC00F-7BA0-4F61-9072-FDD4B1CB6092}.Debug|x64.Build.0 = Debug|Any CPU
		{AB8FC00F-7BA0-4F61-9072-FDD4B1CB6092}.Debug|x86.ActiveCfg = Debug|Any CPU
		{AB8FC00F-7BA0-4F61-9072-FDD4B1CB6092}.Debug|x86.Build.0 = Debug|Any CPU
		{AB8FC00F-7BA0-4F61-9072-FDD4B1CB6092}.Lib_Debug|Any CPU.ActiveCfg = Debug|Any CPU
		{AB8FC00F-7BA0-4F61-9072-FDD4B1CB6092}.Lib_Debug|Any CPU.Build.0 = Debug|Any CPU
		{AB8FC00F-7BA0-4F61-9072-FDD4B1CB6092}.Lib_Debug|x64.ActiveCfg = Debug|Any CPU
		{AB8FC00F-7BA0-4F61-9072-FDD4B1CB6092}.Lib_Debug|x64.Build.0 = Debug|Any CPU
		{AB8FC00F-7BA0-4F61-9072-FDD4B1CB6092}.Lib_Debug|x86.ActiveCfg = Debug|Any CPU
		{AB8FC00F-7BA0-4F61-9072-FDD4B1CB6092}.Lib_Debug|x86.Build.0 = Debug|Any CPU
		{AB8FC00F-7BA0-4F61-9072-FDD4B1CB6092}.Release|Any CPU.ActiveCfg = Release|Any CPU
		{AB8FC00F-7BA0-4F61-9072-FDD4B1CB6092}.Release|Any CPU.Build.0 = Release|Any CPU
		{AB8FC00F-7BA0-4F61-9072-FDD4B1CB6092}.Release|x64.ActiveCfg = Release|Any CPU
		{AB8FC00F-7BA0-4F61-9072-FDD4B1CB6092}.Release|x64.Build.0 = Release|Any CPU
		{AB8FC00F-7BA0-4F61-9072-FDD4B1CB6092}.Release|x86.ActiveCfg = Release|Any CPU
		{AB8FC00F-7BA0-4F61-9072-FDD4B1CB6092}.Release|x86.Build.0 = Release|Any CPU
		{D5C3735B-DB63-4DD0-8AF2-9B3D5C9605F4}.Debug|Any CPU.ActiveCfg = Debug|Any CPU
		{D5C3735B-DB63-4DD0-8AF2-9B3D5C9605F4}.Debug|Any CPU.Build.0 = Debug|Any CPU
		{D5C3735B-DB63-4DD0-8AF2-9B3D5C9605F4}.Debug|x64.ActiveCfg = Debug|Any CPU
		{D5C3735B-DB63-4DD0-8AF2-9B3D5C9605F4}.Debug|x64.Build.0 = Debug|Any CPU
		{D5C3735B-DB63-4DD0-8AF2-9B3D5C9605F4}.Debug|x86.ActiveCfg = Debug|Any CPU
		{D5C3735B-DB63-4DD0-8AF2-9B3D5C9605F4}.Debug|x86.Build.0 = Debug|Any CPU
		{D5C3735B-DB63-4DD0-8AF2-9B3D5C9605F4}.Lib_Debug|Any CPU.ActiveCfg = Debug|Any CPU
		{D5C3735B-DB63-4DD0-8AF2-9B3D5C9605F4}.Lib_Debug|Any CPU.Build.0 = Debug|Any CPU
		{D5C3735B-DB63-4DD0-8AF2-9B3D5C9605F4}.Lib_Debug|x64.ActiveCfg = Debug|Any CPU
		{D5C3735B-DB63-4DD0-8AF2-9B3D5C9605F4}.Lib_Debug|x64.Build.0 = Debug|Any CPU
		{D5C3735B-DB63-4DD0-8AF2-9B3D5C9605F4}.Lib_Debug|x86.ActiveCfg = Debug|Any CPU
		{D5C3735B-DB63-4DD0-8AF2-9B3D5C9605F4}.Lib_Debug|x86.Build.0 = Debug|Any CPU
		{D5C3735B-DB63-4DD0-8AF2-9B3D5C9605F4}.Release|Any CPU.ActiveCfg = Release|Any CPU
		{D5C3735B-DB63-4DD0-8AF2-9B3D5C9605F4}.Release|Any CPU.Build.0 = Release|Any CPU
		{D5C3735B-DB63-4DD0-8AF2-9B3D5C9605F4}.Release|x64.ActiveCfg = Release|Any CPU
		{D5C3735B-DB63-4DD0-8AF2-9B3D5C9605F4}.Release|x64.Build.0 = Release|Any CPU
		{D5C3735B-DB63-4DD0-8AF2-9B3D5C9605F4}.Release|x86.ActiveCfg = Release|Any CPU
		{D5C3735B-DB63-4DD0-8AF2-9B3D5C9605F4}.Release|x86.Build.0 = Release|Any CPU
		{BD97D6CB-5133-41F8-B303-4DFF180D566F}.Debug|Any CPU.ActiveCfg = Debug|x86
		{BD97D6CB-5133-41F8-B303-4DFF180D566F}.Debug|x64.ActiveCfg = Debug|x86
		{BD97D6CB-5133-41F8-B303-4DFF180D566F}.Debug|x86.ActiveCfg = Debug|x86
		{BD97D6CB-5133-41F8-B303-4DFF180D566F}.Debug|x86.Build.0 = Debug|x86
		{BD97D6CB-5133-41F8-B303-4DFF180D566F}.Lib_Debug|Any CPU.ActiveCfg = Release|x86
		{BD97D6CB-5133-41F8-B303-4DFF180D566F}.Lib_Debug|Any CPU.Build.0 = Release|x86
		{BD97D6CB-5133-41F8-B303-4DFF180D566F}.Lib_Debug|x64.ActiveCfg = Release|x86
		{BD97D6CB-5133-41F8-B303-4DFF180D566F}.Lib_Debug|x64.Build.0 = Release|x86
		{BD97D6CB-5133-41F8-B303-4DFF180D566F}.Lib_Debug|x86.ActiveCfg = Debug|x86
		{BD97D6CB-5133-41F8-B303-4DFF180D566F}.Lib_Debug|x86.Build.0 = Debug|x86
		{BD97D6CB-5133-41F8-B303-4DFF180D566F}.Release|Any CPU.ActiveCfg = Release|x86
		{BD97D6CB-5133-41F8-B303-4DFF180D566F}.Release|x64.ActiveCfg = Release|x86
		{BD97D6CB-5133-41F8-B303-4DFF180D566F}.Release|x86.ActiveCfg = Release|x86
		{BD97D6CB-5133-41F8-B303-4DFF180D566F}.Release|x86.Build.0 = Release|x86
	EndGlobalSection
	GlobalSection(SolutionProperties) = preSolution
		HideSolutionNode = FALSE
	EndGlobalSection
	GlobalSection(NestedProjects) = preSolution
		{164C4731-C6A3-41A6-8C32-88F55DB4D5C2} = {6FB190D6-4EC1-45DA-BC1F-2DF8E9FA10B6}
		{4C37B65D-3423-4679-836E-98DB29B0FE07} = {6FB190D6-4EC1-45DA-BC1F-2DF8E9FA10B6}
		{68256547-A3CC-43B8-BE34-C8FACCEE20F3} = {7F7816A9-8E22-4799-9A61-8E83CE49C3D4}
		{AB8FC00F-7BA0-4F61-9072-FDD4B1CB6092} = {7F7816A9-8E22-4799-9A61-8E83CE49C3D4}
		{D5C3735B-DB63-4DD0-8AF2-9B3D5C9605F4} = {21745804-92A6-45D7-96EC-F10AAC742B58}
		{BD97D6CB-5133-41F8-B303-4DFF180D566F} = {21745804-92A6-45D7-96EC-F10AAC742B58}
	EndGlobalSection
	GlobalSection(ExtensibilityGlobals) = postSolution
		SolutionGuid = {FEBAEF97-AF38-45D5-A249-9BEE85518966}
	EndGlobalSection
EndGlobal
